
Microsoft Visual Studio Solution File, Format Version 12.00
# Visual Studio Version 16
VisualStudioVersion = 16.0.29613.14
MinimumVisualStudioVersion = 10.0.40219.1
Project("{FAE04EC0-301F-11D3-BF4B-00C04F79EFBC}") = "OdeToFood", "OdeToFood.csproj", "{48BFFA76-5745-435F-AF72-997280E4EBFE}"
EndProject
Global
	GlobalSection(SolutionConfigurationPlatforms) = preSolution
		Debug|Any CPU = Debug|Any CPU
		Release|Any CPU = Release|Any CPU
	EndGlobalSection
	GlobalSection(ProjectConfigurationPlatforms) = postSolution
		{48BFFA76-5745-435F-AF72-997280E4EBFE}.Debug|Any CPU.ActiveCfg = Debug|Any CPU
		{48BFFA76-5745-435F-AF72-997280E4EBFE}.Debug|Any CPU.Build.0 = Debug|Any CPU
		{48BFFA76-5745-435F-AF72-997280E4EBFE}.Release|Any CPU.ActiveCfg = Release|Any CPU
		{48BFFA76-5745-435F-AF72-997280E4EBFE}.Release|Any CPU.Build.0 = Release|Any CPU
	EndGlobalSection
	GlobalSection(SolutionProperties) = preSolution
		HideSolutionNode = FALSE
	EndGlobalSection
	GlobalSection(ExtensibilityGlobals) = postSolution
		SolutionGuid = {827E2F3B-8ADD-429E-9A72-8D0AB1E449BE}
	EndGlobalSection
EndGlobal
